<?xml version="1.0" encoding="utf-8"?>
<Project ToolsVersion="4.0" xmlns="http://schemas.microsoft.com/developer/msbuild/2003">
  <ItemGroup>
    <Filter Include="3rdparty">
      <UniqueIdentifier>{5729556f-fc3c-46fc-a226-eabcd9dd3655}</UniqueIdentifier>
    </Filter>
    <Filter Include="3rdparty\easyloggingpp">
      <UniqueIdentifier>{87ccbb9a-075d-4dac-9f34-18e30dcf4c9c}</UniqueIdentifier>
    </Filter>
    <Filter Include="Framework">
      <UniqueIdentifier>{9b8d82ac-f4d8-4120-adf7-1d834d1bee80}</UniqueIdentifier>
    </Filter>
    <Filter Include="Framework\Graph">
      <UniqueIdentifier>{5b4f516c-00bb-5559-b631-4bf83b271c06}</UniqueIdentifier>
    </Filter>
    <Filter Include="Framework\Imaging">
      <UniqueIdentifier>{3f1c9a52-6b40-4d1e-9c77-2a5b8e4f0d31}</UniqueIdentifier>
    </Filter>
    <Filter Include="Framework\Messaging">
      <UniqueIdentifier>{813e3d1a-c515-5863-9ce3-bea1e27830ee}</UniqueIdentifier>
    </Filter>
    <Filter Include="Messages">
      <UniqueIdentifier>{eedfea9b-73f8-4a00-a842-04d88ebeff76}</UniqueIdentifier>
    </Filter>
    <Filter Include="Model">
      <UniqueIdentifier>{8d2f4b07-19ac-4e5a-bb31-7c60a94e2f18}</UniqueIdentifier>
    </Filter>
    <Filter Include="Modules">
      <UniqueIdentifier>{926ea5f1-463d-413a-b529-e685aad42774}</UniqueIdentifier>
    </Filter>
    <Filter Include="Modules\FaceDetection">
      <UniqueIdentifier>{919e078b-85ca-456b-bcc5-f2b368d55941}</UniqueIdentifier>
    </Filter>
    <Filter Include="Modules\ImageQueue">
      <UniqueIdentifier>{8c0101b1-f2e2-4155-ba80-246f9b4baacf}</UniqueIdentifier>
    </Filter>
    <Filter Include="Modules\UserHistory">
      <UniqueIdentifier>{5e55172a-b12e-4394-a440-91caac080729}</UniqueIdentifier>
    </Filter>
    <Filter Include="Modules\UserManager">
      <UniqueIdentifier>{33d93459-9a07-4aeb-8bce-1cfc5c1b1f4e}</UniqueIdentifier>
    </Filter>
    <Filter Include="Modules\FaceTracker">
      <UniqueIdentifier>{09f80b2a-209d-442a-9ad1-cb4c1f376815}</UniqueIdentifier>
    </Filter>
    <Filter Include="Modules\HeadPose">
      <UniqueIdentifier>{f44a0c4e-a9e5-4f43-b8f5-d2f7bb3522ce}</UniqueIdentifier>
    </Filter>
    <Filter Include="Modules\ShapeModel">
      <UniqueIdentifier>{9f63a73c-0bda-4db5-80b7-cfbd2bb26589}</UniqueIdentifier>
    </Filter>
    <Filter Include="Modules\ShapeNorm">
      <UniqueIdentifier>{df6e3ea0-3892-400e-b64e-efdf250856f8}</UniqueIdentifier>
    </Filter>
    <Filter Include="Modules\Visualizer">
      <UniqueIdentifier>{57142741-5390-41de-94bf-5d0a35cbec25}</UniqueIdentifier>
    </Filter>
    <Filter Include="User">
      <UniqueIdentifier>{662a8d87-f7b2-4ddc-8cae-59ae2de751d3}</UniqueIdentifier>
    </Filter>
  </ItemGroup>
  <ItemGroup>
    <ClCompile Include="$(ProjectDir)..\..\FaceApi\3rdparty\easyloggingpp\easyloggingpp.cpp">
      <Filter>3rdparty\easyloggingpp</Filter>
    </ClCompile>
    <ClCompile Include="$(ProjectDir)..\..\FaceApi\Framework\Profiler.cpp">
      <Filter>Framework</Filter>
    </ClCompile>
    <ClCompile Include="$(ProjectDir)..\..\FaceApi\Framework\Metrics.cpp">
      <Filter>Framework</Filter>
    </ClCompile>
    <ClCompile Include="$(ProjectDir)..\..\FaceApi\Framework\Stopwatch.cpp">
      <Filter>Framework</Filter>
    </ClCompile>
    <ClCompile Include="$(ProjectDir)..\..\FaceApi\Framework\Thread.cpp">
      <Filter>Framework</Filter>
    </ClCompile>
    <ClCompile Include="$(ProjectDir)..\..\FaceApi\Framework\TimeExtensions.cpp">
      <Filter>Framework</Filter>
    </ClCompile>
    <ClCompile Include="$(ProjectDir)..\..\FaceApi\Configuration.cpp" />
    <ClCompile Include="$(ProjectDir)..\..\FaceApi\Model\PoseGeometry.cpp">
      <Filter>Model</Filter>
    </ClCompile>
    <ClCompile Include="$(ProjectDir)..\..\FaceApi\Model\FaceModel.cpp">
      <Filter>Model</Filter>
    </ClCompile>
    <ClCompile Include="$(ProjectDir)..\..\FaceApi\Model\ShapeMetrics.cpp">
      <Filter>Model</Filter>
    </ClCompile>
    <ClCompile Include="$(ProjectDir)..\..\FaceApi\Model\HeadMesh.cpp">
      <Filter>Model</Filter>
    </ClCompile>
    <ClCompile Include="$(ProjectDir)..\..\FaceApi\Framework\Graph\FlowGraph.cpp">
      <Filter>Framework\Graph</Filter>
    </ClCompile>
    <ClCompile Include="$(ProjectDir)..\..\FaceApi\Framework\Imaging\VideoWriter.cpp">
      <Filter>Framework\Imaging</Filter>
    </ClCompile>
    <ClCompile Include="$(ProjectDir)..\..\FaceApi\FaceApi.cpp" />
    <ClCompile Include="$(ProjectDir)..\..\FaceApi\Framework\Messaging\Message.cpp">
      <Filter>Framework\Messaging</Filter>
    </ClCompile>
    <ClCompile Include="$(ProjectDir)..\..\FaceApi\Framework\Graph\Module.cpp">
      <Filter>Framework\Graph</Filter>
    </ClCompile>
    <ClCompile Include="$(ProjectDir)..\..\FaceApi\Framework\Text.cpp">
      <Filter>Framework</Filter>
    </ClCompile>
    <ClCompile Include="$(ProjectDir)..\..\FaceApi\Framework\Imaging\Geometry.cpp">
      <Filter>Framework\Imaging</Filter>
    </ClCompile>
    <ClCompile Include="$(ProjectDir)..\..\FaceApi\Framework\Imaging\Transform.cpp">
      <Filter>Framework\Imaging</Filter>
    </ClCompile>
    <ClCompile Include="$(ProjectDir)..\..\FaceApi\Framework\Imaging\Statistics.cpp">
      <Filter>Framework\Imaging</Filter>
    </ClCompile>
    <ClCompile Include="$(ProjectDir)..\..\FaceApi\Framework\Imaging\Drawing.cpp">
      <Filter>Framework\Imaging</Filter>
    </ClCompile>
    <ClCompile Include="$(ProjectDir)..\..\FaceApi\Framework\Imaging\Projection.cpp">
      <Filter>Framework\Imaging</Filter>
    </ClCompile>
    <ClCompile Include="$(ProjectDir)..\..\FaceApi\Framework\Imaging\Procrustes.cpp">
      <Filter>Framework\Imaging</Filter>
    </ClCompile>
    <ClCompile Include="$(ProjectDir)..\..\FaceApi\Framework\Settings.cpp">
      <Filter>Framework</Filter>
    </ClCompile>
    <ClCompile Include="$(ProjectDir)..\..\FaceApi\Messages\ImageMessage.cpp">
      <Filter>Messages</Filter>
    </ClCompile>
    <ClCompile Include="$(ProjectDir)..\..\FaceApi\Messages\RoiMessage.cpp">
      <Filter>Messages</Filter>
    </ClCompile>
    <ClCompile Include="$(ProjectDir)..\..\FaceApi\Messages\UserEntriesMessage.cpp">
      <Filter>Messages</Filter>
    </ClCompile>
    <ClCompile Include="$(ProjectDir)..\..\FaceApi\Modules\FaceDetection\FaceDetection.cpp">
      <Filter>Modules\FaceDetection</Filter>
    </ClCompile>
    <ClCompile Include="$(ProjectDir)..\..\FaceApi\Modules\ImageQueue\ImageQueue.cpp">
      <Filter>Modules\ImageQueue</Filter>
    </ClCompile>
    <ClCompile Include="$(ProjectDir)..\..\FaceApi\Modules\UserHistory\UserHistory.cpp">
      <Filter>Modules\UserHistory</Filter>
    </ClCompile>
    <ClCompile Include="$(ProjectDir)..\..\FaceApi\Modules\UserManager\UserManager.cpp">
      <Filter>Modules\UserManager</Filter>
    </ClCompile>
    <ClCompile Include="$(ProjectDir)..\..\FaceApi\Modules\HeadPose\HeadPoseModule.cpp">
      <Filter>Modules\HeadPose</Filter>
    </ClCompile>
    <ClCompile Include="$(ProjectDir)..\..\FaceApi\Modules\HeadPose\PoseEstimationDispatcher.cpp">
      <Filter>Modules\HeadPose</Filter>
    </ClCompile>
    <ClCompile Include="$(ProjectDir)..\..\FaceApi\Modules\ShapeNorm\ShapeNormDispatcher.cpp">
      <Filter>Modules\ShapeNorm</Filter>
    </ClCompile>
    <ClCompile Include="$(ProjectDir)..\..\FaceApi\Modules\Visualizer\Visualizer.cpp">
      <Filter>Modules\Visualizer</Filter>
    </ClCompile>
    <ClCompile Include="$(ProjectDir)..\..\FaceApi\User\UserData.cpp">
      <Filter>User</Filter>
    </ClCompile>
    <ClCompile Include="..\..\FaceApi\Modules\FacePipeline.cpp">
      <Filter>Modules</Filter>
    </ClCompile>
    <ClCompile Include="..\..\FaceApi\Framework\Graph\ModuleConnector.cpp">
      <Filter>Framework\Graph</Filter>
    </ClCompile>
    <ClCompile Include="$(ProjectDir)..\..\FaceApi\Modules\ShapeModel\ShapeModelModule.cpp">
      <Filter>Modules\ShapeModel</Filter>
    </ClCompile>
    <ClCompile Include="$(ProjectDir)..\..\FaceApi\Framework\Parallel.cpp">
      <Filter>Framework</Filter>
    </ClCompile>
    <ClCompile Include="$(ProjectDir)..\..\FaceApi\Framework\Graph\ModuleGraph.cpp">
      <Filter>Framework\Graph</Filter>
    </ClCompile>
    <ClCompile Include="$(ProjectDir)..\..\FaceApi\Modules\ShapeNorm\ShapeNormModule.cpp">
      <Filter>Modules\ShapeNorm</Filter>
    </ClCompile>
    <ClCompile Include="$(ProjectDir)..\..\FaceApi\Modules\FaceTracker\FaceTracker.cpp">
      <Filter>Modules\FaceTracker</Filter>
    </ClCompile>
    <ClCompile Include="$(ProjectDir)..\..\FaceApi\Modules\ShapeModel\TddfaDispatcher.cpp">
      <Filter>Modules\ShapeModel</Filter>
    </ClCompile>
  </ItemGroup>
  <ItemGroup>
    <ClInclude Include="$(ProjectDir)..\..\FaceApi\3rdparty\easyloggingpp\easyloggingpp.h">
      <Filter>3rdparty\easyloggingpp</Filter>
    </ClInclude>
    <ClInclude Include="$(ProjectDir)..\..\FaceApi\Framework\Profiler.h">
      <Filter>Framework</Filter>
    </ClInclude>
    <ClInclude Include="$(ProjectDir)..\..\FaceApi\Framework\Metrics.h">
      <Filter>Framework</Filter>
    </ClInclude>
    <ClInclude Include="$(ProjectDir)..\..\FaceApi\Framework\Messaging\Event.hpp">
      <Filter>Framework\Messaging</Filter>
    </ClInclude>
    <ClInclude Include="$(ProjectDir)..\..\FaceApi\Framework\Messaging\MessageQueue.hpp">
      <Filter>Framework\Messaging</Filter>
    </ClInclude>
    <ClInclude Include="$(ProjectDir)..\..\FaceApi\Framework\Stopwatch.h">
      <Filter>Framework</Filter>
    </ClInclude>
    <ClInclude Include="$(ProjectDir)..\..\FaceApi\Framework\Thread.h">
      <Filter>Framework</Filter>
    </ClInclude>
    <ClInclude Include="$(ProjectDir)..\..\FaceApi\Framework\ErrorCode.h">
      <Filter>Framework</Filter>
    </ClInclude>
    <ClInclude Include="$(ProjectDir)..\..\FaceApi\Framework\MathExtensions.h">
      <Filter>Framework</Filter>
    </ClInclude>
    <ClInclude Include="$(ProjectDir)..\..\FaceApi\Framework\TimeExtensions.h">
      <Filter>Framework</Filter>
    </ClInclude>
    <ClInclude Include="$(ProjectDir)..\..\FaceApi\Configuration.h" />
    <ClInclude Include="$(ProjectDir)..\..\FaceApi\Model\Palette.h">
      <Filter>Model</Filter>
    </ClInclude>
    <ClInclude Include="$(ProjectDir)..\..\FaceApi\Model\PoseGeometry.h">
      <Filter>Model</Filter>
    </ClInclude>
    <ClInclude Include="$(ProjectDir)..\..\FaceApi\Model\FaceModel.h">
      <Filter>Model</Filter>
    </ClInclude>
    <ClInclude Include="$(ProjectDir)..\..\FaceApi\Model\ShapeMetrics.h">
      <Filter>Model</Filter>
    </ClInclude>
    <ClInclude Include="$(ProjectDir)..\..\FaceApi\Model\HeadMesh.h">
      <Filter>Model</Filter>
    </ClInclude>
    <ClInclude Include="$(ProjectDir)..\..\FaceApi\Framework\Graph\FlowGraph.hpp">
      <Filter>Framework\Graph</Filter>
    </ClInclude>
    <ClInclude Include="$(ProjectDir)..\..\FaceApi\Framework\Graph\IPortConnector.h">
      <Filter>Framework\Graph</Filter>
    </ClInclude>
    <ClInclude Include="$(ProjectDir)..\..\FaceApi\Framework\Imaging\VideoWriter.h">
      <Filter>Framework\Imaging</Filter>
    </ClInclude>
    <ClInclude Include="$(ProjectDir)..\..\FaceApi\FaceApi.h" />
    <ClInclude Include="$(ProjectDir)..\..\FaceApi\FaceResult.h" />
    <ClInclude Include="..\..\FaceApi\Modules\FacePipeline.h">
      <Filter>Modules</Filter>
    </ClInclude>
    <ClInclude Include="$(ProjectDir)..\..\FaceApi\Framework\Messaging\Message.h">
      <Filter>Framework\Messaging</Filter>
    </ClInclude>
    <ClInclude Include="$(ProjectDir)..\..\FaceApi\Framework\Graph\Module.h">
      <Filter>Framework\Graph</Filter>
    </ClInclude>
    <ClInclude Include="$(ProjectDir)..\..\FaceApi\Framework\Text.h">
      <Filter>Framework</Filter>
    </ClInclude>
    <ClInclude Include="$(ProjectDir)..\..\FaceApi\Framework\Imaging\Geometry.h">
      <Filter>Framework\Imaging</Filter>
    </ClInclude>
    <ClInclude Include="$(ProjectDir)..\..\FaceApi\Framework\Imaging\Transform.h">
      <Filter>Framework\Imaging</Filter>
    </ClInclude>
    <ClInclude Include="$(ProjectDir)..\..\FaceApi\Framework\Imaging\Statistics.h">
      <Filter>Framework\Imaging</Filter>
    </ClInclude>
    <ClInclude Include="$(ProjectDir)..\..\FaceApi\Framework\Imaging\Drawing.h">
      <Filter>Framework\Imaging</Filter>
    </ClInclude>
    <ClInclude Include="$(ProjectDir)..\..\FaceApi\Framework\Imaging\Projection.h">
      <Filter>Framework\Imaging</Filter>
    </ClInclude>
    <ClInclude Include="$(ProjectDir)..\..\FaceApi\Framework\Imaging\Procrustes.h">
      <Filter>Framework\Imaging</Filter>
    </ClInclude>
    <ClInclude Include="$(ProjectDir)..\..\FaceApi\Framework\Settings.h">
      <Filter>Framework</Filter>
    </ClInclude>
    <ClInclude Include="$(ProjectDir)..\..\FaceApi\Messages\ImageMessage.h">
      <Filter>Messages</Filter>
    </ClInclude>
    <ClInclude Include="$(ProjectDir)..\..\FaceApi\Messages\RoiMessage.h">
      <Filter>Messages</Filter>
    </ClInclude>
    <ClInclude Include="$(ProjectDir)..\..\FaceApi\Messages\UserEntriesMessage.h">
      <Filter>Messages</Filter>
    </ClInclude>
    <ClInclude Include="$(ProjectDir)..\..\FaceApi\Messages\UserSnapshotMessage.h">
      <Filter>Messages</Filter>
    </ClInclude>
    <ClInclude Include="$(ProjectDir)..\..\FaceApi\Modules\FaceDetection\FaceDetection.h">
      <Filter>Modules\FaceDetection</Filter>
    </ClInclude>
    <ClInclude Include="$(ProjectDir)..\..\FaceApi\Modules\ImageQueue\ImageQueue.h">
      <Filter>Modules\ImageQueue</Filter>
    </ClInclude>
    <ClInclude Include="$(ProjectDir)..\..\FaceApi\Modules\UserHistory\UserHistory.h">
      <Filter>Modules\UserHistory</Filter>
    </ClInclude>
    <ClInclude Include="$(ProjectDir)..\..\FaceApi\Modules\UserManager\UserManager.h">
      <Filter>Modules\UserManager</Filter>
    </ClInclude>
    <ClInclude Include="$(ProjectDir)..\..\FaceApi\Modules\HeadPose\HeadPoseModule.h">
      <Filter>Modules\HeadPose</Filter>
    </ClInclude>
    <ClInclude Include="$(ProjectDir)..\..\FaceApi\Modules\HeadPose\PoseEstimationDispatcher.h">
      <Filter>Modules\HeadPose</Filter>
    </ClInclude>
    <ClInclude Include="$(ProjectDir)..\..\FaceApi\Modules\ShapeNorm\ShapeNormDispatcher.h">
      <Filter>Modules\ShapeNorm</Filter>
    </ClInclude>
    <ClInclude Include="$(ProjectDir)..\..\FaceApi\Modules\Visualizer\Visualizer.h">
      <Filter>Modules\Visualizer</Filter>
    </ClInclude>
    <ClInclude Include="$(ProjectDir)..\..\FaceApi\User\User.h">
      <Filter>User</Filter>
    </ClInclude>
    <ClInclude Include="..\..\FaceApi\Framework\Graph\Port.hpp">
      <Filter>Framework\Graph</Filter>
    </ClInclude>
    <ClInclude Include="..\..\FaceApi\Framework\Graph\ModuleConnector.h">
      <Filter>Framework\Graph</Filter>
    </ClInclude>
    <ClInclude Include="..\..\FaceApi\User\UserData.hpp">
      <Filter>User</Filter>
    </ClInclude>
    <ClInclude Include="$(ProjectDir)..\..\FaceApi\Framework\Graph\ModuleGraph.h">
      <Filter>Framework\Graph</Filter>
    </ClInclude>
    <ClInclude Include="$(ProjectDir)..\..\FaceApi\Modules\ShapeModel\ShapeModelModule.h">
      <Filter>Modules\ShapeModel</Filter>
    </ClInclude>
    <ClInclude Include="$(ProjectDir)..\..\FaceApi\Modules\ShapeNorm\ShapeNormModule.h">
      <Filter>Modules\ShapeNorm</Filter>
    </ClInclude>
    <ClInclude Include="$(ProjectDir)..\..\FaceApi\Framework\Parallel.h">
      <Filter>Framework</Filter>
    </ClInclude>
    <ClInclude Include="$(ProjectDir)..\..\FaceApi\Modules\FaceTracker\FaceTracker.h">
      <Filter>Modules\FaceTracker</Filter>
    </ClInclude>
    <ClInclude Include="$(ProjectDir)..\..\FaceApi\Messages\FaceTrackMessage.h">
      <Filter>Messages</Filter>
    </ClInclude>
    <ClInclude Include="$(ProjectDir)..\..\FaceApi\User\TrackedFace.h">
      <Filter>User</Filter>
    </ClInclude>
    <ClInclude Include="$(ProjectDir)..\..\FaceApi\Messages\ShapeMessage.h">
      <Filter>Messages</Filter>
    </ClInclude>
    <ClInclude Include="$(ProjectDir)..\..\FaceApi\Messages\PoseMessage.h">
      <Filter>Messages</Filter>
    </ClInclude>
    <ClInclude Include="$(ProjectDir)..\..\FaceApi\Messages\NormShapeMessage.h">
      <Filter>Messages</Filter>
    </ClInclude>
    <ClInclude Include="$(ProjectDir)..\..\FaceApi\Modules\ShapeModel\TddfaDispatcher.h">
      <Filter>Modules\ShapeModel</Filter>
    </ClInclude>
    <ClInclude Include="$(ProjectDir)..\..\FaceApi\Framework\OneEuroFilter.h">
      <Filter>Framework</Filter>
    </ClInclude>
  </ItemGroup>
  <ItemGroup>
    <None Include="..\..\.clang-format" />
  </ItemGroup>
</Project>
